
Microsoft Visual Studio Solution File, Format Version 12.00
# Visual Studio Version 17
VisualStudioVersion = 17.2.32516.85
MinimumVisualStudioVersion = 10.0.40219.1
Project("{2150E333-8FDC-42A3-9474-1A3956D46DE8}") = "Services", "Services", "{2F2C014F-4EBB-46DC-B420-D414A9FF827D}"
EndProject
Project("{2150E333-8FDC-42A3-9474-1A3956D46DE8}") = "Identity", "Identity", "{0ED68CD2-E597-4F0E-94DC-D2306B2A2EF1}"
EndProject
Project("{2150E333-8FDC-42A3-9474-1A3956D46DE8}") = "Catalog", "Catalog", "{9AF0C2F3-9177-47F6-912F-A10C8AEDF4BC}"
EndProject
Project("{2150E333-8FDC-42A3-9474-1A3956D46DE8}") = "Rent", "Rent", "{47E588B9-B680-4167-B1C4-8ED9614420E3}"
EndProject
Project("{9A19103F-16F7-4668-BE54-9A1E7A4F7556}") = "IdentityApi", "Services\Identity\IdentityApi\IdentityApi.csproj", "{8A51264F-7184-42AA-A13E-3799A018A192}"
EndProject
Project("{9A19103F-16F7-4668-BE54-9A1E7A4F7556}") = "CatalogApi", "Services\Catalog\CatalogApi\CatalogApi.csproj", "{FB32D04E-F2C4-4376-B87B-647B30E132F1}"
EndProject
Project("{9A19103F-16F7-4668-BE54-9A1E7A4F7556}") = "RentApi", "Services\Rent\RentApi\RentApi.csproj", "{393D50CF-1C1E-45C5-8169-DB6B37038424}"
EndProject
Project("{E53339B2-1760-4266-BCC7-CA923CBCF16C}") = "docker-compose", "docker-compose.dcproj", "{F1592291-4DC6-4B23-9302-0B5117FCA9F8}"
EndProject
Project("{2150E333-8FDC-42A3-9474-1A3956D46DE8}") = "Shared", "Shared", "{93514B25-6925-4261-B26C-F35BB2E28773}"
EndProject
Project("{9A19103F-16F7-4668-BE54-9A1E7A4F7556}") = "Entities", "Services\Identity\Entities\Entities.csproj", "{5066A505-0879-4CAF-A695-16BA19D4B650}"
EndProject
Project("{9A19103F-16F7-4668-BE54-9A1E7A4F7556}") = "Data", "Services\Catalog\Data\Data.csproj", "{D72937F8-80EB-47AA-B0F2-DFFF3B0C90D0}"
EndProject
Project("{9A19103F-16F7-4668-BE54-9A1E7A4F7556}") = "CQRS", "Services\Catalog\CQRS\CQRS.csproj", "{2F0BD799-7F09-49CA-B291-E0A515326098}"
EndProject
Project("{9A19103F-16F7-4668-BE54-9A1E7A4F7556}") = "Mapper", "Services\Catalog\Mapper\Mapper.csproj", "{EF35B3E4-2C46-41AA-B30B-EDD3B5FD29BF}"
EndProject
Project("{9A19103F-16F7-4668-BE54-9A1E7A4F7556}") = "Validator", "Services\Catalog\Validator\Validator.csproj", "{AC0D93BC-B771-4275-AB18-4777A5FAAF4E}"
EndProject
Project("{9A19103F-16F7-4668-BE54-9A1E7A4F7556}") = "Data", "Services\Rent\Data\Data.csproj", "{0A842139-1950-4539-8201-DD17ECFDBE67}"
EndProject
Project("{9A19103F-16F7-4668-BE54-9A1E7A4F7556}") = "Mapper", "Services\Rent\Mapper\Mapper.csproj", "{7E9DC346-05DB-4F74-B092-4CBC1DCE91EC}"
EndProject
Project("{9A19103F-16F7-4668-BE54-9A1E7A4F7556}") = "Validators", "Services\Identity\Validators\Validators.csproj", "{5AC95622-2CBD-42C3-88E1-AF5D961DCC6A}"
EndProject
Project("{9A19103F-16F7-4668-BE54-9A1E7A4F7556}") = "Mapper", "Services\Identity\Mapper\Mapper.csproj", "{85514C78-87CF-4DE4-B860-34BCE6BEEFE2}"
EndProject
Project("{9A19103F-16F7-4668-BE54-9A1E7A4F7556}") = "SharedModels", "..\Shared\SharedModels\SharedModels\SharedModels.csproj", "{7445DCE2-FA7C-4F56-9DDA-A552F7C31C91}"
EndProject
Project("{9A19103F-16F7-4668-BE54-9A1E7A4F7556}") = "BusinessLogic", "Services\Identity\BusinessLogic\BusinessLogic.csproj", "{65C3E68B-263E-4E18-A082-0419101E9B58}"
EndProject
Project("{9A19103F-16F7-4668-BE54-9A1E7A4F7556}") = "BusinessLogic", "Services\Catalog\BusinessLogic\BusinessLogic.csproj", "{0F84B415-C899-4761-B4D1-6FF8063D65A9}"
EndProject
Project("{9A19103F-16F7-4668-BE54-9A1E7A4F7556}") = "BusinessLogic", "Services\Rent\BusinessLogic\BusinessLogic.csproj", "{F490060C-4FC2-4C25-B3A4-1248B94B59A8}"
EndProject
Project("{9A19103F-16F7-4668-BE54-9A1E7A4F7556}") = "RentApi.Tests", "Services\Rent\RentApi.Tests\RentApi.Tests\RentApi.Tests.csproj", "{3121D468-2547-4A88-974F-AC5093236963}"
EndProject
Project("{9A19103F-16F7-4668-BE54-9A1E7A4F7556}") = "IdentityApi.Tests", "Services\Identity\IdentityApi.Tests\IdentityApi.Tests.csproj", "{8EBF3569-1725-4973-AC84-87F9DB2B78D4}"
EndProject
Project("{9A19103F-16F7-4668-BE54-9A1E7A4F7556}") = "CatalogApi.Tests", "Services\Catalog\CatalogApi.Tests\CatalogApi.Tests.csproj", "{B44BA23B-AA40-4155-B7B6-876C987F6D8F}"
EndProject
Project("{9A19103F-16F7-4668-BE54-9A1E7A4F7556}") = "SignalR", "Services\Catalog\SignalR\SignalR.csproj", "{C1CA706C-5D7F-41A8-BCD9-055422715DFB}"
EndProject
Project("{9A19103F-16F7-4668-BE54-9A1E7A4F7556}") = "XmlConverterLib", "..\Shared\XmlConverterLib\XmlConverterLib.csproj", "{A6ACCDE2-4C7A-4B71-8775-3F96EEC7D2CC}"
EndProject
Project("{2150E333-8FDC-42A3-9474-1A3956D46DE8}") = "Converter", "Converter", "{6D5BEE80-418C-4338-A78A-004957E6A2A3}"
EndProject
Project("{FAE04EC0-301F-11D3-BF4B-00C04F79EFBC}") = "XmlConverter.Tests", "..\Shared\XmlConverter.Tests\XmlConverter.Tests.csproj", "{5861B99A-DEDE-484A-9CDD-276BAECA6410}"
EndProject
Global
	GlobalSection(SolutionConfigurationPlatforms) = preSolution
		Debug|Any CPU = Debug|Any CPU
		Release|Any CPU = Release|Any CPU
	EndGlobalSection
	GlobalSection(ProjectConfigurationPlatforms) = postSolution
		{8A51264F-7184-42AA-A13E-3799A018A192}.Debug|Any CPU.ActiveCfg = Debug|Any CPU
		{8A51264F-7184-42AA-A13E-3799A018A192}.Debug|Any CPU.Build.0 = Debug|Any CPU
		{8A51264F-7184-42AA-A13E-3799A018A192}.Release|Any CPU.ActiveCfg = Release|Any CPU
		{8A51264F-7184-42AA-A13E-3799A018A192}.Release|Any CPU.Build.0 = Release|Any CPU
		{FB32D04E-F2C4-4376-B87B-647B30E132F1}.Debug|Any CPU.ActiveCfg = Debug|Any CPU
		{FB32D04E-F2C4-4376-B87B-647B30E132F1}.Debug|Any CPU.Build.0 = Debug|Any CPU
		{FB32D04E-F2C4-4376-B87B-647B30E132F1}.Release|Any CPU.ActiveCfg = Release|Any CPU
		{FB32D04E-F2C4-4376-B87B-647B30E132F1}.Release|Any CPU.Build.0 = Release|Any CPU
		{393D50CF-1C1E-45C5-8169-DB6B37038424}.Debug|Any CPU.ActiveCfg = Debug|Any CPU
		{393D50CF-1C1E-45C5-8169-DB6B37038424}.Debug|Any CPU.Build.0 = Debug|Any CPU
		{393D50CF-1C1E-45C5-8169-DB6B37038424}.Release|Any CPU.ActiveCfg = Release|Any CPU
		{393D50CF-1C1E-45C5-8169-DB6B37038424}.Release|Any CPU.Build.0 = Release|Any CPU
		{F1592291-4DC6-4B23-9302-0B5117FCA9F8}.Debug|Any CPU.ActiveCfg = Debug|Any CPU
		{F1592291-4DC6-4B23-9302-0B5117FCA9F8}.Debug|Any CPU.Build.0 = Debug|Any CPU
		{F1592291-4DC6-4B23-9302-0B5117FCA9F8}.Release|Any CPU.ActiveCfg = Release|Any CPU
		{F1592291-4DC6-4B23-9302-0B5117FCA9F8}.Release|Any CPU.Build.0 = Release|Any CPU
		{5066A505-0879-4CAF-A695-16BA19D4B650}.Debug|Any CPU.ActiveCfg = Debug|Any CPU
		{5066A505-0879-4CAF-A695-16BA19D4B650}.Debug|Any CPU.Build.0 = Debug|Any CPU
		{5066A505-0879-4CAF-A695-16BA19D4B650}.Release|Any CPU.ActiveCfg = Release|Any CPU
		{5066A505-0879-4CAF-A695-16BA19D4B650}.Release|Any CPU.Build.0 = Release|Any CPU
		{D72937F8-80EB-47AA-B0F2-DFFF3B0C90D0}.Debug|Any CPU.ActiveCfg = Debug|Any CPU
		{D72937F8-80EB-47AA-B0F2-DFFF3B0C90D0}.Debug|Any CPU.Build.0 = Debug|Any CPU
		{D72937F8-80EB-47AA-B0F2-DFFF3B0C90D0}.Release|Any CPU.ActiveCfg = Release|Any CPU
		{D72937F8-80EB-47AA-B0F2-DFFF3B0C90D0}.Release|Any CPU.Build.0 = Release|Any CPU
		{2F0BD799-7F09-49CA-B291-E0A515326098}.Debug|Any CPU.ActiveCfg = Debug|Any CPU
		{2F0BD799-7F09-49CA-B291-E0A515326098}.Debug|Any CPU.Build.0 = Debug|Any CPU
		{2F0BD799-7F09-49CA-B291-E0A515326098}.Release|Any CPU.ActiveCfg = Release|Any CPU
		{2F0BD799-7F09-49CA-B291-E0A515326098}.Release|Any CPU.Build.0 = Release|Any CPU
		{EF35B3E4-2C46-41AA-B30B-EDD3B5FD29BF}.Debug|Any CPU.ActiveCfg = Debug|Any CPU
		{EF35B3E4-2C46-41AA-B30B-EDD3B5FD29BF}.Debug|Any CPU.Build.0 = Debug|Any CPU
		{EF35B3E4-2C46-41AA-B30B-EDD3B5FD29BF}.Release|Any CPU.ActiveCfg = Release|Any CPU
		{EF35B3E4-2C46-41AA-B30B-EDD3B5FD29BF}.Release|Any CPU.Build.0 = Release|Any CPU
		{AC0D93BC-B771-4275-AB18-4777A5FAAF4E}.Debug|Any CPU.ActiveCfg = Debug|Any CPU
		{AC0D93BC-B771-4275-AB18-4777A5FAAF4E}.Debug|Any CPU.Build.0 = Debug|Any CPU
		{AC0D93BC-B771-4275-AB18-4777A5FAAF4E}.Release|Any CPU.ActiveCfg = Release|Any CPU
		{AC0D93BC-B771-4275-AB18-4777A5FAAF4E}.Release|Any CPU.Build.0 = Release|Any CPU
		{0A842139-1950-4539-8201-DD17ECFDBE67}.Debug|Any CPU.ActiveCfg = Debug|Any CPU
		{0A842139-1950-4539-8201-DD17ECFDBE67}.Debug|Any CPU.Build.0 = Debug|Any CPU
		{0A842139-1950-4539-8201-DD17ECFDBE67}.Release|Any CPU.ActiveCfg = Release|Any CPU
		{0A842139-1950-4539-8201-DD17ECFDBE67}.Release|Any CPU.Build.0 = Release|Any CPU
		{7E9DC346-05DB-4F74-B092-4CBC1DCE91EC}.Debug|Any CPU.ActiveCfg = Debug|Any CPU
		{7E9DC346-05DB-4F74-B092-4CBC1DCE91EC}.Debug|Any CPU.Build.0 = Debug|Any CPU
		{7E9DC346-05DB-4F74-B092-4CBC1DCE91EC}.Release|Any CPU.ActiveCfg = Release|Any CPU
		{7E9DC346-05DB-4F74-B092-4CBC1DCE91EC}.Release|Any CPU.Build.0 = Release|Any CPU
		{5AC95622-2CBD-42C3-88E1-AF5D961DCC6A}.Debug|Any CPU.ActiveCfg = Debug|Any CPU
		{5AC95622-2CBD-42C3-88E1-AF5D961DCC6A}.Debug|Any CPU.Build.0 = Debug|Any CPU
		{5AC95622-2CBD-42C3-88E1-AF5D961DCC6A}.Release|Any CPU.ActiveCfg = Release|Any CPU
		{5AC95622-2CBD-42C3-88E1-AF5D961DCC6A}.Release|Any CPU.Build.0 = Release|Any CPU
		{85514C78-87CF-4DE4-B860-34BCE6BEEFE2}.Debug|Any CPU.ActiveCfg = Debug|Any CPU
		{85514C78-87CF-4DE4-B860-34BCE6BEEFE2}.Debug|Any CPU.Build.0 = Debug|Any CPU
		{85514C78-87CF-4DE4-B860-34BCE6BEEFE2}.Release|Any CPU.ActiveCfg = Release|Any CPU
		{85514C78-87CF-4DE4-B860-34BCE6BEEFE2}.Release|Any CPU.Build.0 = Release|Any CPU
		{7445DCE2-FA7C-4F56-9DDA-A552F7C31C91}.Debug|Any CPU.ActiveCfg = Debug|Any CPU
		{7445DCE2-FA7C-4F56-9DDA-A552F7C31C91}.Debug|Any CPU.Build.0 = Debug|Any CPU
		{7445DCE2-FA7C-4F56-9DDA-A552F7C31C91}.Release|Any CPU.ActiveCfg = Release|Any CPU
		{7445DCE2-FA7C-4F56-9DDA-A552F7C31C91}.Release|Any CPU.Build.0 = Release|Any CPU
		{65C3E68B-263E-4E18-A082-0419101E9B58}.Debug|Any CPU.ActiveCfg = Debug|Any CPU
		{65C3E68B-263E-4E18-A082-0419101E9B58}.Debug|Any CPU.Build.0 = Debug|Any CPU
		{65C3E68B-263E-4E18-A082-0419101E9B58}.Release|Any CPU.ActiveCfg = Release|Any CPU
		{65C3E68B-263E-4E18-A082-0419101E9B58}.Release|Any CPU.Build.0 = Release|Any CPU
		{0F84B415-C899-4761-B4D1-6FF8063D65A9}.Debug|Any CPU.ActiveCfg = Debug|Any CPU
		{0F84B415-C899-4761-B4D1-6FF8063D65A9}.Debug|Any CPU.Build.0 = Debug|Any CPU
		{0F84B415-C899-4761-B4D1-6FF8063D65A9}.Release|Any CPU.ActiveCfg = Release|Any CPU
		{0F84B415-C899-4761-B4D1-6FF8063D65A9}.Release|Any CPU.Build.0 = Release|Any CPU
		{F490060C-4FC2-4C25-B3A4-1248B94B59A8}.Debug|Any CPU.ActiveCfg = Debug|Any CPU
		{F490060C-4FC2-4C25-B3A4-1248B94B59A8}.Debug|Any CPU.Build.0 = Debug|Any CPU
		{F490060C-4FC2-4C25-B3A4-1248B94B59A8}.Release|Any CPU.ActiveCfg = Release|Any CPU
		{F490060C-4FC2-4C25-B3A4-1248B94B59A8}.Release|Any CPU.Build.0 = Release|Any CPU
		{3121D468-2547-4A88-974F-AC5093236963}.Debug|Any CPU.ActiveCfg = Debug|Any CPU
		{3121D468-2547-4A88-974F-AC5093236963}.Debug|Any CPU.Build.0 = Debug|Any CPU
		{3121D468-2547-4A88-974F-AC5093236963}.Release|Any CPU.ActiveCfg = Release|Any CPU
		{3121D468-2547-4A88-974F-AC5093236963}.Release|Any CPU.Build.0 = Release|Any CPU
		{8EBF3569-1725-4973-AC84-87F9DB2B78D4}.Debug|Any CPU.ActiveCfg = Debug|Any CPU
		{8EBF3569-1725-4973-AC84-87F9DB2B78D4}.Debug|Any CPU.Build.0 = Debug|Any CPU
		{8EBF3569-1725-4973-AC84-87F9DB2B78D4}.Release|Any CPU.ActiveCfg = Release|Any CPU
		{8EBF3569-1725-4973-AC84-87F9DB2B78D4}.Release|Any CPU.Build.0 = Release|Any CPU
		{B44BA23B-AA40-4155-B7B6-876C987F6D8F}.Debug|Any CPU.ActiveCfg = Debug|Any CPU
		{B44BA23B-AA40-4155-B7B6-876C987F6D8F}.Debug|Any CPU.Build.0 = Debug|Any CPU
		{B44BA23B-AA40-4155-B7B6-876C987F6D8F}.Release|Any CPU.ActiveCfg = Release|Any CPU
		{B44BA23B-AA40-4155-B7B6-876C987F6D8F}.Release|Any CPU.Build.0 = Release|Any CPU
		{C1CA706C-5D7F-41A8-BCD9-055422715DFB}.Debug|Any CPU.ActiveCfg = Debug|Any CPU
		{C1CA706C-5D7F-41A8-BCD9-055422715DFB}.Debug|Any CPU.Build.0 = Debug|Any CPU
		{C1CA706C-5D7F-41A8-BCD9-055422715DFB}.Release|Any CPU.ActiveCfg = Release|Any CPU
		{C1CA706C-5D7F-41A8-BCD9-055422715DFB}.Release|Any CPU.Build.0 = Release|Any CPU
		{A6ACCDE2-4C7A-4B71-8775-3F96EEC7D2CC}.Debug|Any CPU.ActiveCfg = Debug|Any CPU
		{A6ACCDE2-4C7A-4B71-8775-3F96EEC7D2CC}.Debug|Any CPU.Build.0 = Debug|Any CPU
		{A6ACCDE2-4C7A-4B71-8775-3F96EEC7D2CC}.Release|Any CPU.ActiveCfg = Release|Any CPU
		{A6ACCDE2-4C7A-4B71-8775-3F96EEC7D2CC}.Release|Any CPU.Build.0 = Release|Any CPU
		{5861B99A-DEDE-484A-9CDD-276BAECA6410}.Debug|Any CPU.ActiveCfg = Debug|Any CPU
		{5861B99A-DEDE-484A-9CDD-276BAECA6410}.Debug|Any CPU.Build.0 = Debug|Any CPU
		{5861B99A-DEDE-484A-9CDD-276BAECA6410}.Release|Any CPU.ActiveCfg = Release|Any CPU
		{5861B99A-DEDE-484A-9CDD-276BAECA6410}.Release|Any CPU.Build.0 = Release|Any CPU
	EndGlobalSection
	GlobalSection(SolutionProperties) = preSolution
		HideSolutionNode = FALSE
	EndGlobalSection
	GlobalSection(NestedProjects) = preSolution
		{0ED68CD2-E597-4F0E-94DC-D2306B2A2EF1} = {2F2C014F-4EBB-46DC-B420-D414A9FF827D}
		{9AF0C2F3-9177-47F6-912F-A10C8AEDF4BC} = {2F2C014F-4EBB-46DC-B420-D414A9FF827D}
		{47E588B9-B680-4167-B1C4-8ED9614420E3} = {2F2C014F-4EBB-46DC-B420-D414A9FF827D}
		{8A51264F-7184-42AA-A13E-3799A018A192} = {0ED68CD2-E597-4F0E-94DC-D2306B2A2EF1}
		{FB32D04E-F2C4-4376-B87B-647B30E132F1} = {9AF0C2F3-9177-47F6-912F-A10C8AEDF4BC}
		{393D50CF-1C1E-45C5-8169-DB6B37038424} = {47E588B9-B680-4167-B1C4-8ED9614420E3}
		{5066A505-0879-4CAF-A695-16BA19D4B650} = {0ED68CD2-E597-4F0E-94DC-D2306B2A2EF1}
		{D72937F8-80EB-47AA-B0F2-DFFF3B0C90D0} = {9AF0C2F3-9177-47F6-912F-A10C8AEDF4BC}
		{2F0BD799-7F09-49CA-B291-E0A515326098} = {9AF0C2F3-9177-47F6-912F-A10C8AEDF4BC}
		{EF35B3E4-2C46-41AA-B30B-EDD3B5FD29BF} = {9AF0C2F3-9177-47F6-912F-A10C8AEDF4BC}
		{AC0D93BC-B771-4275-AB18-4777A5FAAF4E} = {9AF0C2F3-9177-47F6-912F-A10C8AEDF4BC}
		{0A842139-1950-4539-8201-DD17ECFDBE67} = {47E588B9-B680-4167-B1C4-8ED9614420E3}
		{7E9DC346-05DB-4F74-B092-4CBC1DCE91EC} = {47E588B9-B680-4167-B1C4-8ED9614420E3}
		{5AC95622-2CBD-42C3-88E1-AF5D961DCC6A} = {0ED68CD2-E597-4F0E-94DC-D2306B2A2EF1}
		{85514C78-87CF-4DE4-B860-34BCE6BEEFE2} = {0ED68CD2-E597-4F0E-94DC-D2306B2A2EF1}
		{7445DCE2-FA7C-4F56-9DDA-A552F7C31C91} = {93514B25-6925-4261-B26C-F35BB2E28773}
		{65C3E68B-263E-4E18-A082-0419101E9B58} = {0ED68CD2-E597-4F0E-94DC-D2306B2A2EF1}
		{0F84B415-C899-4761-B4D1-6FF8063D65A9} = {9AF0C2F3-9177-47F6-912F-A10C8AEDF4BC}
		{F490060C-4FC2-4C25-B3A4-1248B94B59A8} = {47E588B9-B680-4167-B1C4-8ED9614420E3}
		{3121D468-2547-4A88-974F-AC5093236963} = {47E588B9-B680-4167-B1C4-8ED9614420E3}
		{8EBF3569-1725-4973-AC84-87F9DB2B78D4} = {0ED68CD2-E597-4F0E-94DC-D2306B2A2EF1}
		{B44BA23B-AA40-4155-B7B6-876C987F6D8F} = {9AF0C2F3-9177-47F6-912F-A10C8AEDF4BC}
		{C1CA706C-5D7F-41A8-BCD9-055422715DFB} = {9AF0C2F3-9177-47F6-912F-A10C8AEDF4BC}
		{A6ACCDE2-4C7A-4B71-8775-3F96EEC7D2CC} = {6D5BEE80-418C-4338-A78A-004957E6A2A3}
		{6D5BEE80-418C-4338-A78A-004957E6A2A3} = {93514B25-6925-4261-B26C-F35BB2E28773}
		{5861B99A-DEDE-484A-9CDD-276BAECA6410} = {6D5BEE80-418C-4338-A78A-004957E6A2A3}
	EndGlobalSection
	GlobalSection(ExtensibilityGlobals) = postSolution
		SolutionGuid = {C2E8182B-7DE3-418D-AA64-5332FA872847}
	EndGlobalSection
EndGlobal
